// !$*UTF8*$!
{
	archiveVersion = 1;
	classes = {
	};
	objectVersion = 55;
	objects = {

/* Begin PBXBuildFile section */
		188355EB288905D200441D54 /* Title.swift in Sources */ = {isa = PBXBuildFile; fileRef = 188355EA288905D200441D54 /* Title.swift */; };
		188355ED2889114A00441D54 /* Extensions.swift in Sources */ = {isa = PBXBuildFile; fileRef = 188355EC2889114A00441D54 /* Extensions.swift */; };
		188355F12889183900441D54 /* TitleCollectionViewCell.swift in Sources */ = {isa = PBXBuildFile; fileRef = 188355F02889183900441D54 /* TitleCollectionViewCell.swift */; };
		188355F42889194000441D54 /* SDWebImage in Frameworks */ = {isa = PBXBuildFile; productRef = 188355F32889194000441D54 /* SDWebImage */; };
		188355F62889194000441D54 /* SDWebImageMapKit in Frameworks */ = {isa = PBXBuildFile; productRef = 188355F52889194000441D54 /* SDWebImageMapKit */; };
		18898E5D288AAC8100DD6BFC /* TitleTableViewCell.swift in Sources */ = {isa = PBXBuildFile; fileRef = 18898E5C288AAC8100DD6BFC /* TitleTableViewCell.swift */; };
		18898E5F288AAF9D00DD6BFC /* TitleVIewModel.swift in Sources */ = {isa = PBXBuildFile; fileRef = 18898E5E288AAF9D00DD6BFC /* TitleVIewModel.swift */; };
		188C1E75288C23EE001E7B34 /* SearchResultViewController.swift in Sources */ = {isa = PBXBuildFile; fileRef = 188C1E74288C23EE001E7B34 /* SearchResultViewController.swift */; };
		188E10CE2886A83A00BD42F2 /* CollectionViewTableViewCell.swift in Sources */ = {isa = PBXBuildFile; fileRef = 188E10CD2886A83A00BD42F2 /* CollectionViewTableViewCell.swift */; };
		188E10D02886BA0B00BD42F2 /* HeroHeaderUIView.swift in Sources */ = {isa = PBXBuildFile; fileRef = 188E10CF2886BA0B00BD42F2 /* HeroHeaderUIView.swift */; };
		188E9762288875410010FC44 /* ApiCaller.swift in Sources */ = {isa = PBXBuildFile; fileRef = 188E9761288875410010FC44 /* ApiCaller.swift */; };
		188F82392886595E0047DF50 /* AppDelegate.swift in Sources */ = {isa = PBXBuildFile; fileRef = 188F82382886595E0047DF50 /* AppDelegate.swift */; };
		188F823B2886595E0047DF50 /* SceneDelegate.swift in Sources */ = {isa = PBXBuildFile; fileRef = 188F823A2886595E0047DF50 /* SceneDelegate.swift */; };
		188F823D2886595E0047DF50 /* MainTabBarViewController.swift in Sources */ = {isa = PBXBuildFile; fileRef = 188F823C2886595E0047DF50 /* MainTabBarViewController.swift */; };
		188F82432886595E0047DF50 /* Netflix_Clone.xcdatamodeld in Sources */ = {isa = PBXBuildFile; fileRef = 188F82412886595E0047DF50 /* Netflix_Clone.xcdatamodeld */; };
		188F82452886595F0047DF50 /* Assets.xcassets in Resources */ = {isa = PBXBuildFile; fileRef = 188F82442886595F0047DF50 /* Assets.xcassets */; };
		188F82482886595F0047DF50 /* LaunchScreen.storyboard in Resources */ = {isa = PBXBuildFile; fileRef = 188F82462886595F0047DF50 /* LaunchScreen.storyboard */; };
		188F825128865BB00047DF50 /* HomeViewController.swift in Sources */ = {isa = PBXBuildFile; fileRef = 188F825028865BB00047DF50 /* HomeViewController.swift */; };
		188F825328865BE60047DF50 /* UpcomingViewController.swift in Sources */ = {isa = PBXBuildFile; fileRef = 188F825228865BE60047DF50 /* UpcomingViewController.swift */; };
		188F825528865C080047DF50 /* SearchViewController.swift in Sources */ = {isa = PBXBuildFile; fileRef = 188F825428865C080047DF50 /* SearchViewController.swift */; };
		188F825728865C290047DF50 /* DownloadsViewController.swift in Sources */ = {isa = PBXBuildFile; fileRef = 188F825628865C290047DF50 /* DownloadsViewController.swift */; };
/* End PBXBuildFile section */

/* Begin PBXFileReference section */
		188355EA288905D200441D54 /* Title.swift */ = {isa = PBXFileReference; lastKnownFileType = sourcecode.swift; path = Title.swift; sourceTree = "<group>"; };
		188355EC2889114A00441D54 /* Extensions.swift */ = {isa = PBXFileReference; lastKnownFileType = sourcecode.swift; path = Extensions.swift; sourceTree = "<group>"; };
		188355F02889183900441D54 /* TitleCollectionViewCell.swift */ = {isa = PBXFileReference; lastKnownFileType = sourcecode.swift; path = TitleCollectionViewCell.swift; sourceTree = "<group>"; };
		18898E5C288AAC8100DD6BFC /* TitleTableViewCell.swift */ = {isa = PBXFileReference; lastKnownFileType = sourcecode.swift; path = TitleTableViewCell.swift; sourceTree = "<group>"; };
		18898E5E288AAF9D00DD6BFC /* TitleVIewModel.swift */ = {isa = PBXFileReference; lastKnownFileType = sourcecode.swift; path = TitleVIewModel.swift; sourceTree = "<group>"; };
		188C1E74288C23EE001E7B34 /* SearchResultViewController.swift */ = {isa = PBXFileReference; lastKnownFileType = sourcecode.swift; path = SearchResultViewController.swift; sourceTree = "<group>"; };
		188E10CD2886A83A00BD42F2 /* CollectionViewTableViewCell.swift */ = {isa = PBXFileReference; lastKnownFileType = sourcecode.swift; path = CollectionViewTableViewCell.swift; sourceTree = "<group>"; };
		188E10CF2886BA0B00BD42F2 /* HeroHeaderUIView.swift */ = {isa = PBXFileReference; lastKnownFileType = sourcecode.swift; path = HeroHeaderUIView.swift; sourceTree = "<group>"; };
		188E9761288875410010FC44 /* ApiCaller.swift */ = {isa = PBXFileReference; lastKnownFileType = sourcecode.swift; path = ApiCaller.swift; sourceTree = "<group>"; };
		188F82352886595E0047DF50 /* Netflix Clone.app */ = {isa = PBXFileReference; explicitFileType = wrapper.application; includeInIndex = 0; path = "Netflix Clone.app"; sourceTree = BUILT_PRODUCTS_DIR; };
		188F82382886595E0047DF50 /* AppDelegate.swift */ = {isa = PBXFileReference; lastKnownFileType = sourcecode.swift; path = AppDelegate.swift; sourceTree = "<group>"; };
		188F823A2886595E0047DF50 /* SceneDelegate.swift */ = {isa = PBXFileReference; lastKnownFileType = sourcecode.swift; path = SceneDelegate.swift; sourceTree = "<group>"; };
		188F823C2886595E0047DF50 /* MainTabBarViewController.swift */ = {isa = PBXFileReference; lastKnownFileType = sourcecode.swift; path = MainTabBarViewController.swift; sourceTree = "<group>"; };
		188F82422886595E0047DF50 /* Netflix_Clone.xcdatamodel */ = {isa = PBXFileReference; lastKnownFileType = wrapper.xcdatamodel; path = Netflix_Clone.xcdatamodel; sourceTree = "<group>"; };
		188F82442886595F0047DF50 /* Assets.xcassets */ = {isa = PBXFileReference; lastKnownFileType = folder.assetcatalog; path = Assets.xcassets; sourceTree = "<group>"; };
		188F82472886595F0047DF50 /* Base */ = {isa = PBXFileReference; lastKnownFileType = file.storyboard; name = Base; path = Base.lproj/LaunchScreen.storyboard; sourceTree = "<group>"; };
		188F82492886595F0047DF50 /* Info.plist */ = {isa = PBXFileReference; lastKnownFileType = text.plist.xml; path = Info.plist; sourceTree = "<group>"; };
		188F825028865BB00047DF50 /* HomeViewController.swift */ = {isa = PBXFileReference; lastKnownFileType = sourcecode.swift; path = HomeViewController.swift; sourceTree = "<group>"; };
		188F825228865BE60047DF50 /* UpcomingViewController.swift */ = {isa = PBXFileReference; lastKnownFileType = sourcecode.swift; path = UpcomingViewController.swift; sourceTree = "<group>"; };
		188F825428865C080047DF50 /* SearchViewController.swift */ = {isa = PBXFileReference; lastKnownFileType = sourcecode.swift; path = SearchViewController.swift; sourceTree = "<group>"; };
		188F825628865C290047DF50 /* DownloadsViewController.swift */ = {isa = PBXFileReference; lastKnownFileType = sourcecode.swift; path = DownloadsViewController.swift; sourceTree = "<group>"; };
/* End PBXFileReference section */

/* Begin PBXFrameworksBuildPhase section */
		188F82322886595E0047DF50 /* Frameworks */ = {
			isa = PBXFrameworksBuildPhase;
			buildActionMask = 2147483647;
			files = (
				188355F62889194000441D54 /* SDWebImageMapKit in Frameworks */,
				188355F42889194000441D54 /* SDWebImage in Frameworks */,
			);
			runOnlyForDeploymentPostprocessing = 0;
		};
/* End PBXFrameworksBuildPhase section */

/* Begin PBXGroup section */
		188C1E76288C23F4001E7B34 /* core */ = {
			isa = PBXGroup;
			children = (
				188F825028865BB00047DF50 /* HomeViewController.swift */,
				188F825228865BE60047DF50 /* UpcomingViewController.swift */,
				188F825428865C080047DF50 /* SearchViewController.swift */,
				188F825628865C290047DF50 /* DownloadsViewController.swift */,
			);
			path = core;
			sourceTree = "<group>";
		};
		188C1E77288C240C001E7B34 /* general */ = {
			isa = PBXGroup;
			children = (
				188C1E74288C23EE001E7B34 /* SearchResultViewController.swift */,
			);
			path = general;
			sourceTree = "<group>";
		};
		188E10C82886A7A200BD42F2 /* Views */ = {
			isa = PBXGroup;
			children = (
				188E10CD2886A83A00BD42F2 /* CollectionViewTableViewCell.swift */,
				188E10CF2886BA0B00BD42F2 /* HeroHeaderUIView.swift */,
				188355F02889183900441D54 /* TitleCollectionViewCell.swift */,
				18898E5C288AAC8100DD6BFC /* TitleTableViewCell.swift */,
			);
			path = Views;
			sourceTree = "<group>";
		};
		188E10C92886A7A800BD42F2 /* ViewModels */ = {
			isa = PBXGroup;
			children = (
				18898E5E288AAF9D00DD6BFC /* TitleVIewModel.swift */,
			);
			path = ViewModels;
			sourceTree = "<group>";
		};
		188E10CA2886A7B300BD42F2 /* Models */ = {
			isa = PBXGroup;
			children = (
				188355EA288905D200441D54 /* Title.swift */,
			);
			path = Models;
			sourceTree = "<group>";
		};
		188E10CB2886A7D700BD42F2 /* Managers */ = {
			isa = PBXGroup;
			children = (
				188E9761288875410010FC44 /* ApiCaller.swift */,
			);
			path = Managers;
			sourceTree = "<group>";
		};
		188E10CC2886A7EC00BD42F2 /* Resources */ = {
			isa = PBXGroup;
			children = (
				188355EC2889114A00441D54 /* Extensions.swift */,
			);
			name = Resources;
			path = "Réources";
			sourceTree = "<group>";
		};
		188F822C2886595E0047DF50 = {
			isa = PBXGroup;
			children = (
				188F82372886595E0047DF50 /* Netflix Clone */,
				188F82362886595E0047DF50 /* Products */,
			);
			sourceTree = "<group>";
		};
		188F82362886595E0047DF50 /* Products */ = {
			isa = PBXGroup;
			children = (
				188F82352886595E0047DF50 /* Netflix Clone.app */,
			);
			name = Products;
			sourceTree = "<group>";
		};
		188F82372886595E0047DF50 /* Netflix Clone */ = {
			isa = PBXGroup;
			children = (
				188E10CC2886A7EC00BD42F2 /* Resources */,
				188E10CB2886A7D700BD42F2 /* Managers */,
				188E10CA2886A7B300BD42F2 /* Models */,
				188E10C92886A7A800BD42F2 /* ViewModels */,
				188E10C82886A7A200BD42F2 /* Views */,
				188F824F28865B800047DF50 /* Controllers */,
				188F82382886595E0047DF50 /* AppDelegate.swift */,
				188F823A2886595E0047DF50 /* SceneDelegate.swift */,
				188F823C2886595E0047DF50 /* MainTabBarViewController.swift */,
				188F82442886595F0047DF50 /* Assets.xcassets */,
				188F82462886595F0047DF50 /* LaunchScreen.storyboard */,
				188F82492886595F0047DF50 /* Info.plist */,
				188F82412886595E0047DF50 /* Netflix_Clone.xcdatamodeld */,
			);
			path = "Netflix Clone";
			sourceTree = "<group>";
		};
		188F824F28865B800047DF50 /* Controllers */ = {
			isa = PBXGroup;
			children = (
				188C1E77288C240C001E7B34 /* general */,
				188C1E76288C23F4001E7B34 /* core */,
			);
			path = Controllers;
			sourceTree = "<group>";
		};
/* End PBXGroup section */

/* Begin PBXNativeTarget section */
		188F82342886595E0047DF50 /* Netflix Clone */ = {
			isa = PBXNativeTarget;
			buildConfigurationList = 188F824C2886595F0047DF50 /* Build configuration list for PBXNativeTarget "Netflix Clone" */;
			buildPhases = (
				188F82312886595E0047DF50 /* Sources */,
				188F82322886595E0047DF50 /* Frameworks */,
				188F82332886595E0047DF50 /* Resources */,
			);
			buildRules = (
			);
			dependencies = (
			);
			name = "Netflix Clone";
			packageProductDependencies = (
				188355F32889194000441D54 /* SDWebImage */,
				188355F52889194000441D54 /* SDWebImageMapKit */,
			);
			productName = "Netflix Clone";
			productReference = 188F82352886595E0047DF50 /* Netflix Clone.app */;
			productType = "com.apple.product-type.application";
		};
/* End PBXNativeTarget section */

/* Begin PBXProject section */
		188F822D2886595E0047DF50 /* Project object */ = {
			isa = PBXProject;
			attributes = {
				BuildIndependentTargetsInParallel = 1;
				LastSwiftUpdateCheck = 1340;
				LastUpgradeCheck = 1340;
				TargetAttributes = {
					188F82342886595E0047DF50 = {
						CreatedOnToolsVersion = 13.4;
					};
				};
			};
			buildConfigurationList = 188F82302886595E0047DF50 /* Build configuration list for PBXProject "Netflix Clone" */;
			compatibilityVersion = "Xcode 13.0";
			developmentRegion = en;
			hasScannedForEncodings = 0;
			knownRegions = (
				en,
				Base,
			);
			mainGroup = 188F822C2886595E0047DF50;
			packageReferences = (
				188355F22889194000441D54 /* XCRemoteSwiftPackageReference "SDWebImage" */,
			);
			productRefGroup = 188F82362886595E0047DF50 /* Products */;
			projectDirPath = "";
			projectRoot = "";
			targets = (
				188F82342886595E0047DF50 /* Netflix Clone */,
			);
		};
/* End PBXProject section */

/* Begin PBXResourcesBuildPhase section */
		188F82332886595E0047DF50 /* Resources */ = {
			isa = PBXResourcesBuildPhase;
			buildActionMask = 2147483647;
			files = (
				188F82482886595F0047DF50 /* LaunchScreen.storyboard in Resources */,
				188F82452886595F0047DF50 /* Assets.xcassets in Resources */,
			);
			runOnlyForDeploymentPostprocessing = 0;
		};
/* End PBXResourcesBuildPhase section */

/* Begin PBXSourcesBuildPhase section */
		188F82312886595E0047DF50 /* Sources */ = {
			isa = PBXSourcesBuildPhase;
			buildActionMask = 2147483647;
			files = (
				188F825328865BE60047DF50 /* UpcomingViewController.swift in Sources */,
				188E10D02886BA0B00BD42F2 /* HeroHeaderUIView.swift in Sources */,
				188355EB288905D200441D54 /* Title.swift in Sources */,
				188F825528865C080047DF50 /* SearchViewController.swift in Sources */,
				188E9762288875410010FC44 /* ApiCaller.swift in Sources */,
				188F825728865C290047DF50 /* DownloadsViewController.swift in Sources */,
				188F825128865BB00047DF50 /* HomeViewController.swift in Sources */,
				188355F12889183900441D54 /* TitleCollectionViewCell.swift in Sources */,
				188F82432886595E0047DF50 /* Netflix_Clone.xcdatamodeld in Sources */,
				188355ED2889114A00441D54 /* Extensions.swift in Sources */,
				18898E5D288AAC8100DD6BFC /* TitleTableViewCell.swift in Sources */,
				188E10CE2886A83A00BD42F2 /* CollectionViewTableViewCell.swift in Sources */,
				188F823D2886595E0047DF50 /* MainTabBarViewController.swift in Sources */,
				188C1E75288C23EE001E7B34 /* SearchResultViewController.swift in Sources */,
				18898E5F288AAF9D00DD6BFC /* TitleVIewModel.swift in Sources */,
				188F82392886595E0047DF50 /* AppDelegate.swift in Sources */,
				188F823B2886595E0047DF50 /* SceneDelegate.swift in Sources */,
			);
			runOnlyForDeploymentPostprocessing = 0;
		};
/* End PBXSourcesBuildPhase section */

/* Begin PBXVariantGroup section */
		188F82462886595F0047DF50 /* LaunchScreen.storyboard */ = {
			isa = PBXVariantGroup;
			children = (
				188F82472886595F0047DF50 /* Base */,
			);
			name = LaunchScreen.storyboard;
			sourceTree = "<group>";
		};
/* End PBXVariantGroup section */

/* Begin XCBuildConfiguration section */
		188F824A2886595F0047DF50 /* Debug */ = {
			isa = XCBuildConfiguration;
			buildSettings = {
				ALWAYS_SEARCH_USER_PATHS = NO;
				CLANG_ANALYZER_NONNULL = YES;
				CLANG_ANALYZER_NUMBER_OBJECT_CONVERSION = YES_AGGRESSIVE;
				CLANG_CXX_LANGUAGE_STANDARD = "gnu++17";
				CLANG_ENABLE_MODULES = YES;
				CLANG_ENABLE_OBJC_ARC = YES;
				CLANG_ENABLE_OBJC_WEAK = YES;
				CLANG_WARN_BLOCK_CAPTURE_AUTORELEASING = YES;
				CLANG_WARN_BOOL_CONVERSION = YES;
				CLANG_WARN_COMMA = YES;
				CLANG_WARN_CONSTANT_CONVERSION = YES;
				CLANG_WARN_DEPRECATED_OBJC_IMPLEMENTATIONS = YES;
				CLANG_WARN_DIRECT_OBJC_ISA_USAGE = YES_ERROR;
				CLANG_WARN_DOCUMENTATION_COMMENTS = YES;
				CLANG_WARN_EMPTY_BODY = YES;
				CLANG_WARN_ENUM_CONVERSION = YES;
				CLANG_WARN_INFINITE_RECURSION = YES;
				CLANG_WARN_INT_CONVERSION = YES;
				CLANG_WARN_NON_LITERAL_NULL_CONVERSION = YES;
				CLANG_WARN_OBJC_IMPLICIT_RETAIN_SELF = YES;
				CLANG_WARN_OBJC_LITERAL_CONVERSION = YES;
				CLANG_WARN_OBJC_ROOT_CLASS = YES_ERROR;
				CLANG_WARN_QUOTED_INCLUDE_IN_FRAMEWORK_HEADER = YES;
				CLANG_WARN_RANGE_LOOP_ANALYSIS = YES;
				CLANG_WARN_STRICT_PROTOTYPES = YES;
				CLANG_WARN_SUSPICIOUS_MOVE = YES;
				CLANG_WARN_UNGUARDED_AVAILABILITY = YES_AGGRESSIVE;
				CLANG_WARN_UNREACHABLE_CODE = YES;
				CLANG_WARN__DUPLICATE_METHOD_MATCH = YES;
				COPY_PHASE_STRIP = NO;
				DEBUG_INFORMATION_FORMAT = dwarf;
				ENABLE_STRICT_OBJC_MSGSEND = YES;
				ENABLE_TESTABILITY = YES;
				GCC_C_LANGUAGE_STANDARD = gnu11;
				GCC_DYNAMIC_NO_PIC = NO;
				GCC_NO_COMMON_BLOCKS = YES;
				GCC_OPTIMIZATION_LEVEL = 0;
				GCC_PREPROCESSOR_DEFINITIONS = (
					"DEBUG=1",
					"$(inherited)",
				);
				GCC_WARN_64_TO_32_BIT_CONVERSION = YES;
				GCC_WARN_ABOUT_RETURN_TYPE = YES_ERROR;
				GCC_WARN_UNDECLARED_SELECTOR = YES;
				GCC_WARN_UNINITIALIZED_AUTOS = YES_AGGRESSIVE;
				GCC_WARN_UNUSED_FUNCTION = YES;
				GCC_WARN_UNUSED_VARIABLE = YES;
				IPHONEOS_DEPLOYMENT_TARGET = 15.5;
				MTL_ENABLE_DEBUG_INFO = INCLUDE_SOURCE;
				MTL_FAST_MATH = YES;
				ONLY_ACTIVE_ARCH = YES;
				SDKROOT = iphoneos;
				SWIFT_ACTIVE_COMPILATION_CONDITIONS = DEBUG;
				SWIFT_OPTIMIZATION_LEVEL = "-Onone";
			};
			name = Debug;
		};
		188F824B2886595F0047DF50 /* Release */ = {
			isa = XCBuildConfiguration;
			buildSettings = {
				ALWAYS_SEARCH_USER_PATHS = NO;
				CLANG_ANALYZER_NONNULL = YES;
				CLANG_ANALYZER_NUMBER_OBJECT_CONVERSION = YES_AGGRESSIVE;
				CLANG_CXX_LANGUAGE_STANDARD = "gnu++17";
				CLANG_ENABLE_MODULES = YES;
				CLANG_ENABLE_OBJC_ARC = YES;
				CLANG_ENABLE_OBJC_WEAK = YES;
				CLANG_WARN_BLOCK_CAPTURE_AUTORELEASING = YES;
				CLANG_WARN_BOOL_CONVERSION = YES;
				CLANG_WARN_COMMA = YES;
				CLANG_WARN_CONSTANT_CONVERSION = YES;
				CLANG_WARN_DEPRECATED_OBJC_IMPLEMENTATIONS = YES;
				CLANG_WARN_DIRECT_OBJC_ISA_USAGE = YES_ERROR;
				CLANG_WARN_DOCUMENTATION_COMMENTS = YES;
				CLANG_WARN_EMPTY_BODY = YES;
				CLANG_WARN_ENUM_CONVERSION = YES;
				CLANG_WARN_INFINITE_RECURSION = YES;
				CLANG_WARN_INT_CONVERSION = YES;
				CLANG_WARN_NON_LITERAL_NULL_CONVERSION = YES;
				CLANG_WARN_OBJC_IMPLICIT_RETAIN_SELF = YES;
				CLANG_WARN_OBJC_LITERAL_CONVERSION = YES;
				CLANG_WARN_OBJC_ROOT_CLASS = YES_ERROR;
				CLANG_WARN_QUOTED_INCLUDE_IN_FRAMEWORK_HEADER = YES;
				CLANG_WARN_RANGE_LOOP_ANALYSIS = YES;
				CLANG_WARN_STRICT_PROTOTYPES = YES;
				CLANG_WARN_SUSPICIOUS_MOVE = YES;
				CLANG_WARN_UNGUARDED_AVAILABILITY = YES_AGGRESSIVE;
				CLANG_WARN_UNREACHABLE_CODE = YES;
				CLANG_WARN__DUPLICATE_METHOD_MATCH = YES;
				COPY_PHASE_STRIP = NO;
				DEBUG_INFORMATION_FORMAT = "dwarf-with-dsym";
				ENABLE_NS_ASSERTIONS = NO;
				ENABLE_STRICT_OBJC_MSGSEND = YES;
				GCC_C_LANGUAGE_STANDARD = gnu11;
				GCC_NO_COMMON_BLOCKS = YES;
				GCC_WARN_64_TO_32_BIT_CONVERSION = YES;
				GCC_WARN_ABOUT_RETURN_TYPE = YES_ERROR;
				GCC_WARN_UNDECLARED_SELECTOR = YES;
				GCC_WARN_UNINITIALIZED_AUTOS = YES_AGGRESSIVE;
				GCC_WARN_UNUSED_FUNCTION = YES;
				GCC_WARN_UNUSED_VARIABLE = YES;
				IPHONEOS_DEPLOYMENT_TARGET = 15.5;
				MTL_ENABLE_DEBUG_INFO = NO;
				MTL_FAST_MATH = YES;
				SDKROOT = iphoneos;
				SWIFT_COMPILATION_MODE = wholemodule;
				SWIFT_OPTIMIZATION_LEVEL = "-O";
				VALIDATE_PRODUCT = YES;
			};
			name = Release;
		};
		188F824D2886595F0047DF50 /* Debug */ = {
			isa = XCBuildConfiguration;
			buildSettings = {
				ASSETCATALOG_COMPILER_APPICON_NAME = AppIcon;
				ASSETCATALOG_COMPILER_GLOBAL_ACCENT_COLOR_NAME = AccentColor;
				CODE_SIGN_STYLE = Automatic;
				CURRENT_PROJECT_VERSION = 1;
				GENERATE_INFOPLIST_FILE = YES;
				INFOPLIST_FILE = "Netflix Clone/Info.plist";
				INFOPLIST_KEY_UIApplicationSupportsIndirectInputEvents = YES;
				INFOPLIST_KEY_UILaunchStoryboardName = LaunchScreen;
				INFOPLIST_KEY_UISupportedInterfaceOrientations_iPad = "UIInterfaceOrientationPortrait UIInterfaceOrientationPortraitUpsideDown UIInterfaceOrientationLandscapeLeft UIInterfaceOrientationLandscapeRight";
				INFOPLIST_KEY_UISupportedInterfaceOrientations_iPhone = "UIInterfaceOrientationPortrait UIInterfaceOrientationLandscapeLeft UIInterfaceOrientationLandscapeRight";
				LD_RUNPATH_SEARCH_PATHS = (
					"$(inherited)",
					"@executable_path/Frameworks",
				);
				MARKETING_VERSION = 1.0;
				PRODUCT_BUNDLE_IDENTIFIER = "Duy-Thai.Netflix-Clone";
				PRODUCT_NAME = "$(TARGET_NAME)";
				SWIFT_EMIT_LOC_STRINGS = YES;
				SWIFT_VERSION = 5.0;
				TARGETED_DEVICE_FAMILY = "1,2";
			};
			name = Debug;
		};
		188F824E2886595F0047DF50 /* Release */ = {
			isa = XCBuildConfiguration;
			buildSettings = {
				ASSETCATALOG_COMPILER_APPICON_NAME = AppIcon;
				ASSETCATALOG_COMPILER_GLOBAL_ACCENT_COLOR_NAME = AccentColor;
				CODE_SIGN_STYLE = Automatic;
				CURRENT_PROJECT_VERSION = 1;
				GENERATE_INFOPLIST_FILE = YES;
				INFOPLIST_FILE = "Netflix Clone/Info.plist";
				INFOPLIST_KEY_UIApplicationSupportsIndirectInputEvents = YES;
				INFOPLIST_KEY_UILaunchStoryboardName = LaunchScreen;
				INFOPLIST_KEY_UISupportedInterfaceOrientations_iPad = "UIInterfaceOrientationPortrait UIInterfaceOrientationPortraitUpsideDown UIInterfaceOrientationLandscapeLeft UIInterfaceOrientationLandscapeRight";
				INFOPLIST_KEY_UISupportedInterfaceOrientations_iPhone = "UIInterfaceOrientationPortrait UIInterfaceOrientationLandscapeLeft UIInterfaceOrientationLandscapeRight";
				LD_RUNPATH_SEARCH_PATHS = (
					"$(inherited)",
					"@executable_path/Frameworks",
				);
				MARKETING_VERSION = 1.0;
				PRODUCT_BUNDLE_IDENTIFIER = "Duy-Thai.Netflix-Clone";
				PRODUCT_NAME = "$(TARGET_NAME)";
				SWIFT_EMIT_LOC_STRINGS = YES;
				SWIFT_VERSION = 5.0;
				TARGETED_DEVICE_FAMILY = "1,2";
			};
			name = Release;
		};
/* End XCBuildConfiguration section */

/* Begin XCConfigurationList section */
		188F82302886595E0047DF50 /* Build configuration list for PBXProject "Netflix Clone" */ = {
			isa = XCConfigurationList;
			buildConfigurations = (
				188F824A2886595F0047DF50 /* Debug */,
				188F824B2886595F0047DF50 /* Release */,
			);
			defaultConfigurationIsVisible = 0;
			defaultConfigurationName = Release;
		};
		188F824C2886595F0047DF50 /* Build configuration list for PBXNativeTarget "Netflix Clone" */ = {
			isa = XCConfigurationList;
			buildConfigurations = (
				188F824D2886595F0047DF50 /* Debug */,
				188F824E2886595F0047DF50 /* Release */,
			);
			defaultConfigurationIsVisible = 0;
			defaultConfigurationName = Release;
		};
/* End XCConfigurationList section */

/* Begin XCRemoteSwiftPackageReference section */
		188355F22889194000441D54 /* XCRemoteSwiftPackageReference "SDWebImage" */ = {
			isa = XCRemoteSwiftPackageReference;
			repositoryURL = "https://github.com/SDWebImage/SDWebImage.git";
			requirement = {
				kind = upToNextMajorVersion;
				minimumVersion = 5.0.0;
			};
		};
/* End XCRemoteSwiftPackageReference section */

/* Begin XCSwiftPackageProductDependency section */
		188355F32889194000441D54 /* SDWebImage */ = {
			isa = XCSwiftPackageProductDependency;
			package = 188355F22889194000441D54 /* XCRemoteSwiftPackageReference "SDWebImage" */;
			productName = SDWebImage;
		};
		188355F52889194000441D54 /* SDWebImageMapKit */ = {
			isa = XCSwiftPackageProductDependency;
			package = 188355F22889194000441D54 /* XCRemoteSwiftPackageReference "SDWebImage" */;
			productName = SDWebImageMapKit;
		};
/* End XCSwiftPackageProductDependency section */

/* Begin XCVersionGroup section */
		188F82412886595E0047DF50 /* Netflix_Clone.xcdatamodeld */ = {
			isa = XCVersionGroup;
			children = (
				188F82422886595E0047DF50 /* Netflix_Clone.xcdatamodel */,
			);
			currentVersion = 188F82422886595E0047DF50 /* Netflix_Clone.xcdatamodel */;
			path = Netflix_Clone.xcdatamodeld;
			sourceTree = "<group>";
			versionGroupType = wrapper.xcdatamodel;
		};
/* End XCVersionGroup section */
	};
	rootObject = 188F822D2886595E0047DF50 /* Project object */;
}
